{
  "version": 4,
  "terraform_version": "1.14.8",
  "serial": 15,
  "lineage": "13490aea-b675-66a4-c8eb-c4544ffafb0c",
  "outputs": {},
  "resources": [
    {
      "module": "module.eks",
      "mode": "managed",
      "type": "aws_eks_cluster",
      "name": "this",
      "provider": "provider[\"registry.terraform.io/hashicorp/aws\"]",
      "instances": [
        {
          "schema_version": 1,
          "attributes": {
            "access_config": [
              {
                "authentication_mode": "API_AND_CONFIG_MAP",
                "bootstrap_cluster_creator_admin_permissions": true
              }
            ],
            "arn": "arn:aws:eks:ap-south-1:659420055085:cluster/uat-eks-cluster",
            "bootstrap_self_managed_addons": true,
            "certificate_authority": [
              {
                "data": "LS0tLS1CRUdJTiBDRVJUSUZJQ0FURS0tLS0tCk1JSURCVENDQWUyZ0F3SUJBZ0lJVVRJNVlyZ05iNkV3RFFZSktvWklodmNOQVFFTEJRQXdGVEVUTUJFR0ExVUUKQXhNS2EzVmlaWEp1WlhSbGN6QWVGdzB5TmpBME1UTXhNVEEyTkRCYUZ3MHpOakEwTVRBeE1URXhOREJhTUJVeApFekFSQmdOVkJBTVRDbXQxWW1WeWJtVjBaWE13Z2dFaU1BMEdDU3FHU0liM0RRRUJBUVVBQTRJQkR3QXdnZ0VLCkFvSUJBUUMwZFNhcTZGSEdxUU41WmNoMGI0ZVBSRElKN2ViKzNhc2VQOHNuczF2TURKL2Y1a2M5NmxHVzdBcS8KOVpXYjJ5clNkWUw1MGgyRStKcHJtdnBZZS9XUVdRZzc0Um1WTDJqMlJqeGd1L0xKV2hrK2p6dm9iUmtYSHJNSQpNWGFoeVJDeG94TGU2Y2tyRVFjblVSZWNDbUhnZTlRd25PWlBqR3hzNXNtNlBya3hLUFhZS0lsQmZ2ZTB3R2lsCjM0UHpmQ1FOdVlVWjZpS2orMWVvRitLOVQyNGRSOXV6TGx1SHlEc1MxL0FtZTQ2emhQVHZXUXVNbFBRTTU0cjkKTWNKYW1rQi9xWm5xYm9UMzhGYlFXZkZpZ0puT2FneE9KWUxiV1hGK05pclpjMC9RdmZUV0l5K2dVWmJoVGJoegpGWTlvT2pGODg3RXhXanVvOStJREZ0M3pkNjl2QWdNQkFBR2pXVEJYTUE0R0ExVWREd0VCL3dRRUF3SUNwREFQCkJnTlZIUk1CQWY4RUJUQURBUUgvTUIwR0ExVWREZ1FXQkJReENFTFFxNUtJZ01lcFd5ZlB2L3VFazdSNFNqQVYKQmdOVkhSRUVEakFNZ2dwcmRXSmxjbTVsZEdWek1BMEdDU3FHU0liM0RRRUJDd1VBQTRJQkFRQStWTFV3STBsMQpkOU9XR2FldTdxS2pIMldOcmlrVmVDVTZ1L0NNMnZDNUVRbGd6eG9idTVVUWJ6bTFqeGlwNUcwZzhoR1dQRlZxCncrNVFBbHJBNnFzSVUwUDA5blJUOXc5emU5bmVJUEJCU0ZJVmh3UzFabE5DSFNMaTJBdkpFb0JpUHdkOTV0dTIKbU5FNlNBSm9UTGtrNStiUXNKM3RMbzB1ZER2MlRSa0dIcWdPOGdlUGhneWlBQkVoa29nVzROcTNvNnlqQ0p5aQpZbS9PTXEwWWJkZWpuWXZCekpWTkJkU0tsUVBpR2tQSkhDVWxVWmpjYmI5ckhzMndSL05hK3BrYytVYzFpVkZwCkxqTVZKN0J3R3R4Q3RxKzlMblJyekRoRlZ0WTViYTVMYkJkb01EQ29uaEdQWm94d0xGYVY2OWtoc09VcUFDUzgKU1BmSTRxN253RTF3Ci0tLS0tRU5EIENFUlRJRklDQVRFLS0tLS0K"
              }
            ],
            "cluster_id": null,
            "compute_config": [
              {
                "enabled": false,
                "node_pools": [],
                "node_role_arn": ""
              }
            ],
            "control_plane_scaling_config": [
              {
                "tier": "standard"
              }
            ],
            "created_at": "2026-04-13T11:07:46Z",
            "deletion_protection": false,
            "enabled_cluster_log_types": [],
            "encryption_config": [],
            "endpoint": "https://61A00737D27F1192076935FE303ECB88.gr7.ap-south-1.eks.amazonaws.com",
            "force_update_version": null,
            "id": "uat-eks-cluster",
            "identity": [
              {
                "oidc": [
                  {
                    "issuer": "https://oidc.eks.ap-south-1.amazonaws.com/id/61A00737D27F1192076935FE303ECB88"
                  }
                ]
              }
            ],
            "kubernetes_network_config": [
              {
                "elastic_load_balancing": [
                  {
                    "enabled": false
                  }
                ],
                "ip_family": "ipv4",
                "service_ipv4_cidr": "10.100.0.0/16",
                "service_ipv6_cidr": ""
              }
            ],
            "name": "uat-eks-cluster",
            "outpost_config": [],
            "platform_version": "eks.9",
            "region": "ap-south-1",
            "remote_network_config": [],
            "role_arn": "arn:aws:iam::659420055085:role/uat-eks-cluster-eks-role",
            "status": "ACTIVE",
            "storage_config": [
              {
                "block_storage": [
                  {
                    "enabled": false
                  }
                ]
              }
            ],
            "tags": {},
            "tags_all": {},
            "timeouts": null,
            "upgrade_policy": [
              {
                "support_type": "EXTENDED"
              }
            ],
            "version": "1.35",
            "vpc_config": [
              {
                "cluster_security_group_id": "sg-0f45c2e7911d2af7c",
                "endpoint_private_access": false,
                "endpoint_public_access": true,
                "public_access_cidrs": [
                  "0.0.0.0/0"
                ],
                "security_group_ids": [
                  "sg-01f49adf02bc9dd25"
                ],
                "subnet_ids": [
                  "subnet-051fba875b07215d5",
                  "subnet-068e3bbe99d6107e1"
                ],
                "vpc_id": "vpc-07b46a6bd77572f7b"
              }
            ],
            "zonal_shift_config": []
          },
          "sensitive_attributes": [],
          "identity_schema_version": 0,
          "identity": {
            "account_id": "659420055085",
            "name": "uat-eks-cluster",
            "region": "ap-south-1"
          },
          "private": "eyJlMmJmYjczMC1lY2FhLTExZTYtOGY4OC0zNDM2M2JjN2M0YzAiOnsiY3JlYXRlIjoxODAwMDAwMDAwMDAwLCJkZWxldGUiOjkwMDAwMDAwMDAwMCwidXBkYXRlIjozNjAwMDAwMDAwMDAwfSwic2NoZW1hX3ZlcnNpb24iOiIxIn0=",
          "dependencies": [
            "module.eks.aws_iam_role.eks_role",
            "module.eks.aws_iam_role_policy_attachment.eks_cluster_policy"
          ]
        }
      ]
    },
    {
      "module": "module.eks",
      "mode": "managed",
      "type": "aws_iam_role",
      "name": "eks_role",
      "provider": "provider[\"registry.terraform.io/hashicorp/aws\"]",
      "instances": [
        {
          "schema_version": 0,
          "attributes": {
            "arn": "arn:aws:iam::659420055085:role/uat-eks-cluster-eks-role",
            "assume_role_policy": "{\"Statement\":[{\"Action\":\"sts:AssumeRole\",\"Effect\":\"Allow\",\"Principal\":{\"Service\":\"eks.amazonaws.com\"}}],\"Version\":\"2012-10-17\"}",
            "create_date": "2026-04-13T11:02:34Z",
            "description": "",
            "force_detach_policies": false,
            "id": "uat-eks-cluster-eks-role",
            "inline_policy": [],
            "managed_policy_arns": [
              "arn:aws:iam::aws:policy/AmazonEKSClusterPolicy"
            ],
            "max_session_duration": 3600,
            "name": "uat-eks-cluster-eks-role",
            "name_prefix": "",
            "path": "/",
            "permissions_boundary": "",
            "tags": {},
            "tags_all": {},
            "unique_id": "AROAZTCD7QYWU2RKEYSTG"
          },
          "sensitive_attributes": [],
          "identity_schema_version": 0,
          "identity": {
            "account_id": "659420055085",
            "name": "uat-eks-cluster-eks-role"
          },
          "private": "bnVsbA=="
        }
      ]
    },
    {
      "module": "module.eks",
      "mode": "managed",
      "type": "aws_iam_role_policy_attachment",
      "name": "eks_cluster_policy",
      "provider": "provider[\"registry.terraform.io/hashicorp/aws\"]",
      "instances": [
        {
          "schema_version": 0,
          "attributes": {
            "id": "uat-eks-cluster-eks-role/arn:aws:iam::aws:policy/AmazonEKSClusterPolicy",
            "policy_arn": "arn:aws:iam::aws:policy/AmazonEKSClusterPolicy",
            "role": "uat-eks-cluster-eks-role"
          },
          "sensitive_attributes": [],
          "identity_schema_version": 0,
          "identity": {
            "account_id": "659420055085",
            "policy_arn": "arn:aws:iam::aws:policy/AmazonEKSClusterPolicy",
            "role": "uat-eks-cluster-eks-role"
          },
          "private": "bnVsbA==",
          "dependencies": [
            "module.eks.aws_iam_role.eks_role"
          ]
        }
      ]
    },
    {
      "module": "module.node_group",
      "mode": "managed",
      "type": "aws_eks_node_group",
      "name": "this",
      "provider": "provider[\"registry.terraform.io/hashicorp/aws\"]",
      "instances": [
        {
          "schema_version": 0,
          "attributes": {
            "ami_type": "AL2023_x86_64_STANDARD",
            "arn": "arn:aws:eks:ap-south-1:659420055085:nodegroup/uat-eks-cluster/uat-node-group/3ecec346-b46b-d029-bf46-7c03c8097997",
            "capacity_type": "ON_DEMAND",
            "cluster_name": "uat-eks-cluster",
            "disk_size": 20,
            "force_update_version": null,
            "id": "uat-eks-cluster:uat-node-group",
            "instance_types": [
              "t3.medium"
            ],
            "labels": {},
            "launch_template": [],
            "node_group_name": "uat-node-group",
            "node_group_name_prefix": "",
            "node_repair_config": [],
            "node_role_arn": "arn:aws:iam::659420055085:role/uat-node-group-node-role",
            "region": "ap-south-1",
            "release_version": "1.35.2-20260403",
            "remote_access": [],
            "resources": [
              {
                "autoscaling_groups": [
                  {
                    "name": "eks-uat-node-group-3ecec346-b46b-d029-bf46-7c03c8097997"
                  }
                ],
                "remote_access_security_group_id": ""
              }
            ],
            "scaling_config": [
              {
                "desired_size": 2,
                "max_size": 3,
                "min_size": 1
              }
            ],
            "status": "ACTIVE",
            "subnet_ids": [
              "subnet-051fba875b07215d5",
              "subnet-068e3bbe99d6107e1"
            ],
            "tags": {},
            "tags_all": {},
            "taint": [],
            "timeouts": null,
            "update_config": [
              {
                "max_unavailable": 1,
                "max_unavailable_percentage": 0,
                "update_strategy": ""
              }
            ],
            "version": "1.35"
          },
          "sensitive_attributes": [],
          "identity_schema_version": 0,
          "private": "eyJlMmJmYjczMC1lY2FhLTExZTYtOGY4OC0zNDM2M2JjN2M0YzAiOnsiY3JlYXRlIjozNjAwMDAwMDAwMDAwLCJkZWxldGUiOjM2MDAwMDAwMDAwMDAsInVwZGF0ZSI6MzYwMDAwMDAwMDAwMH19",
          "dependencies": [
            "module.eks.aws_eks_cluster.this",
            "module.eks.aws_iam_role.eks_role",
            "module.eks.aws_iam_role_policy_attachment.eks_cluster_policy",
            "module.node_group.aws_iam_role.node_role",
            "module.node_group.aws_iam_role_policy_attachment.cni",
            "module.node_group.aws_iam_role_policy_attachment.ecr",
            "module.node_group.aws_iam_role_policy_attachment.worker_node"
          ]
        }
      ]
    },
    {
      "module": "module.node_group",
      "mode": "managed",
      "type": "aws_iam_role",
      "name": "node_role",
      "provider": "provider[\"registry.terraform.io/hashicorp/aws\"]",
      "instances": [
        {
          "schema_version": 0,
          "attributes": {
            "arn": "arn:aws:iam::659420055085:role/uat-node-group-node-role",
            "assume_role_policy": "{\"Statement\":[{\"Action\":\"sts:AssumeRole\",\"Effect\":\"Allow\",\"Principal\":{\"Service\":\"ec2.amazonaws.com\"}}],\"Version\":\"2012-10-17\"}",
            "create_date": "2026-04-13T11:02:34Z",
            "description": "",
            "force_detach_policies": false,
            "id": "uat-node-group-node-role",
            "inline_policy": [],
            "managed_policy_arns": [
              "arn:aws:iam::aws:policy/AmazonEC2ContainerRegistryReadOnly",
              "arn:aws:iam::aws:policy/AmazonEKSWorkerNodePolicy",
              "arn:aws:iam::aws:policy/AmazonEKS_CNI_Policy"
            ],
            "max_session_duration": 3600,
            "name": "uat-node-group-node-role",
            "name_prefix": "",
            "path": "/",
            "permissions_boundary": "",
            "tags": {},
            "tags_all": {},
            "unique_id": "AROAZTCD7QYWS7YATQV6E"
          },
          "sensitive_attributes": [],
          "identity_schema_version": 0,
          "identity": {
            "account_id": "659420055085",
            "name": "uat-node-group-node-role"
          },
          "private": "bnVsbA=="
        }
      ]
    },
    {
      "module": "module.node_group",
      "mode": "managed",
      "type": "aws_iam_role_policy_attachment",
      "name": "cni",
      "provider": "provider[\"registry.terraform.io/hashicorp/aws\"]",
      "instances": [
        {
          "schema_version": 0,
          "attributes": {
            "id": "uat-node-group-node-role/arn:aws:iam::aws:policy/AmazonEKS_CNI_Policy",
            "policy_arn": "arn:aws:iam::aws:policy/AmazonEKS_CNI_Policy",
            "role": "uat-node-group-node-role"
          },
          "sensitive_attributes": [],
          "identity_schema_version": 0,
          "identity": {
            "account_id": "659420055085",
            "policy_arn": "arn:aws:iam::aws:policy/AmazonEKS_CNI_Policy",
            "role": "uat-node-group-node-role"
          },
          "private": "bnVsbA==",
          "dependencies": [
            "module.node_group.aws_iam_role.node_role"
          ]
        }
      ]
    },
    {
      "module": "module.node_group",
      "mode": "managed",
      "type": "aws_iam_role_policy_attachment",
      "name": "ecr",
      "provider": "provider[\"registry.terraform.io/hashicorp/aws\"]",
      "instances": [
        {
          "schema_version": 0,
          "attributes": {
            "id": "uat-node-group-node-role/arn:aws:iam::aws:policy/AmazonEC2ContainerRegistryReadOnly",
            "policy_arn": "arn:aws:iam::aws:policy/AmazonEC2ContainerRegistryReadOnly",
            "role": "uat-node-group-node-role"
          },
          "sensitive_attributes": [],
          "identity_schema_version": 0,
          "identity": {
            "account_id": "659420055085",
            "policy_arn": "arn:aws:iam::aws:policy/AmazonEC2ContainerRegistryReadOnly",
            "role": "uat-node-group-node-role"
          },
          "private": "bnVsbA==",
          "dependencies": [
            "module.node_group.aws_iam_role.node_role"
          ]
        }
      ]
    },
    {
      "module": "module.node_group",
      "mode": "managed",
      "type": "aws_iam_role_policy_attachment",
      "name": "worker_node",
      "provider": "provider[\"registry.terraform.io/hashicorp/aws\"]",
      "instances": [
        {
          "schema_version": 0,
          "attributes": {
            "id": "uat-node-group-node-role/arn:aws:iam::aws:policy/AmazonEKSWorkerNodePolicy",
            "policy_arn": "arn:aws:iam::aws:policy/AmazonEKSWorkerNodePolicy",
            "role": "uat-node-group-node-role"
          },
          "sensitive_attributes": [],
          "identity_schema_version": 0,
          "identity": {
            "account_id": "659420055085",
            "policy_arn": "arn:aws:iam::aws:policy/AmazonEKSWorkerNodePolicy",
            "role": "uat-node-group-node-role"
          },
          "private": "bnVsbA==",
          "dependencies": [
            "module.node_group.aws_iam_role.node_role"
          ]
        }
      ]
    }
  ],
  "check_results": null
}
